// !$*UTF8*$!
{
	archiveVersion = 1;
	classes = {
	};
	objectVersion = 50;
	objects = {

/* Begin PBXBuildFile section */
		08D5305213ECCA9C1A09B83F /* Pods_NoStoryboardSampleUITests.framework in Frameworks */ = {isa = PBXBuildFile; fileRef = F36AA9B506472D133F416AF7 /* Pods_NoStoryboardSampleUITests.framework */; };
		47AC42FCA4C9CF00DDEC6D0A /* Pods_NoStoryboardSampleTests.framework in Frameworks */ = {isa = PBXBuildFile; fileRef = 23EDFC00989D087890E60BA0 /* Pods_NoStoryboardSampleTests.framework */; };
		5A93133F3A22E03D30AF08B0 /* Pods_NoStoryboardSample.framework in Frameworks */ = {isa = PBXBuildFile; fileRef = ED1FA0B3CB8F9C47B43B74D1 /* Pods_NoStoryboardSample.framework */; };
		9101997D212022F200E37A64 /* NetworkManager.swift in Sources */ = {isa = PBXBuildFile; fileRef = 9101997C212022F200E37A64 /* NetworkManager.swift */; };
		9157ACC921215B6900E3EBFC /* FriendDetailVC.swift in Sources */ = {isa = PBXBuildFile; fileRef = 9157ACC821215B6900E3EBFC /* FriendDetailVC.swift */; };
		91622AFA211ED65F00E71D43 /* AppDelegate.swift in Sources */ = {isa = PBXBuildFile; fileRef = 91622AF9211ED65F00E71D43 /* AppDelegate.swift */; };
		91622AFC211ED65F00E71D43 /* FriendListVC.swift in Sources */ = {isa = PBXBuildFile; fileRef = 91622AFB211ED65F00E71D43 /* FriendListVC.swift */; };
		91622B02211ED65F00E71D43 /* NoStoryboardSample.xcdatamodeld in Sources */ = {isa = PBXBuildFile; fileRef = 91622B00211ED65F00E71D43 /* NoStoryboardSample.xcdatamodeld */; };
		91622B04211ED66100E71D43 /* Assets.xcassets in Resources */ = {isa = PBXBuildFile; fileRef = 91622B03211ED66100E71D43 /* Assets.xcassets */; };
		91622B07211ED66100E71D43 /* LaunchScreen.storyboard in Resources */ = {isa = PBXBuildFile; fileRef = 91622B05211ED66100E71D43 /* LaunchScreen.storyboard */; };
		91622B12211ED66100E71D43 /* NoStoryboardSampleTests.swift in Sources */ = {isa = PBXBuildFile; fileRef = 91622B11211ED66100E71D43 /* NoStoryboardSampleTests.swift */; };
		91622B1D211ED66100E71D43 /* NoStoryboardSampleUITests.swift in Sources */ = {isa = PBXBuildFile; fileRef = 91622B1C211ED66100E71D43 /* NoStoryboardSampleUITests.swift */; };
		91D66262211EDC6100306096 /* Log.swift in Sources */ = {isa = PBXBuildFile; fileRef = 91D66260211EDC6100306096 /* Log.swift */; };
		91D66263211EDC6100306096 /* Utility.swift in Sources */ = {isa = PBXBuildFile; fileRef = 91D66261211EDC6100306096 /* Utility.swift */; };
		91D66265211EDD5600306096 /* FriendListCell.swift in Sources */ = {isa = PBXBuildFile; fileRef = 91D66264211EDD5600306096 /* FriendListCell.swift */; };
		91D6626A211EE09C00306096 /* FriendListApi.swift in Sources */ = {isa = PBXBuildFile; fileRef = 91D66269211EE09C00306096 /* FriendListApi.swift */; };
		91D6626C211EE0D300306096 /* FriendListCoreData.swift in Sources */ = {isa = PBXBuildFile; fileRef = 91D6626B211EE0D300306096 /* FriendListCoreData.swift */; };
		91D66271211EE18900306096 /* FriendMO+CoreDataClass.swift in Sources */ = {isa = PBXBuildFile; fileRef = 91D6626F211EE18900306096 /* FriendMO+CoreDataClass.swift */; };
		91D66272211EE18900306096 /* FriendMO+CoreDataProperties.swift in Sources */ = {isa = PBXBuildFile; fileRef = 91D66270211EE18900306096 /* FriendMO+CoreDataProperties.swift */; };
		91D66274211EED2A00306096 /* FriendListInteractor.swift in Sources */ = {isa = PBXBuildFile; fileRef = 91D66273211EED2A00306096 /* FriendListInteractor.swift */; };
		91D66276211EEEE400306096 /* FriendListPresenter.swift in Sources */ = {isa = PBXBuildFile; fileRef = 91D66275211EEEE400306096 /* FriendListPresenter.swift */; };
		91D66278211EF13000306096 /* FriendListRouter.swift in Sources */ = {isa = PBXBuildFile; fileRef = 91D66277211EF13000306096 /* FriendListRouter.swift */; };
		91D6627A211EF5C300306096 /* FriendViewModel.swift in Sources */ = {isa = PBXBuildFile; fileRef = 91D66279211EF5C300306096 /* FriendViewModel.swift */; };
/* End PBXBuildFile section */

/* Begin PBXContainerItemProxy section */
		91622B0E211ED66100E71D43 /* PBXContainerItemProxy */ = {
			isa = PBXContainerItemProxy;
			containerPortal = 91622AEE211ED65F00E71D43 /* Project object */;
			proxyType = 1;
			remoteGlobalIDString = 91622AF5211ED65F00E71D43;
			remoteInfo = NoStoryboardSample;
		};
		91622B19211ED66100E71D43 /* PBXContainerItemProxy */ = {
			isa = PBXContainerItemProxy;
			containerPortal = 91622AEE211ED65F00E71D43 /* Project object */;
			proxyType = 1;
			remoteGlobalIDString = 91622AF5211ED65F00E71D43;
			remoteInfo = NoStoryboardSample;
		};
/* End PBXContainerItemProxy section */

/* Begin PBXFileReference section */
		23EDFC00989D087890E60BA0 /* Pods_NoStoryboardSampleTests.framework */ = {isa = PBXFileReference; explicitFileType = wrapper.framework; includeInIndex = 0; path = Pods_NoStoryboardSampleTests.framework; sourceTree = BUILT_PRODUCTS_DIR; };
		30BB443E621675BA9B5C598E /* Pods-NoStoryboardSampleTests.debug.xcconfig */ = {isa = PBXFileReference; includeInIndex = 1; lastKnownFileType = text.xcconfig; name = "Pods-NoStoryboardSampleTests.debug.xcconfig"; path = "Pods/Target Support Files/Pods-NoStoryboardSampleTests/Pods-NoStoryboardSampleTests.debug.xcconfig"; sourceTree = "<group>"; };
		6F40526E1155127DA68D2D37 /* Pods-NoStoryboardSampleTests.release.xcconfig */ = {isa = PBXFileReference; includeInIndex = 1; lastKnownFileType = text.xcconfig; name = "Pods-NoStoryboardSampleTests.release.xcconfig"; path = "Pods/Target Support Files/Pods-NoStoryboardSampleTests/Pods-NoStoryboardSampleTests.release.xcconfig"; sourceTree = "<group>"; };
		9101997C212022F200E37A64 /* NetworkManager.swift */ = {isa = PBXFileReference; lastKnownFileType = sourcecode.swift; path = NetworkManager.swift; sourceTree = "<group>"; };
		9157ACC821215B6900E3EBFC /* FriendDetailVC.swift */ = {isa = PBXFileReference; lastKnownFileType = sourcecode.swift; path = FriendDetailVC.swift; sourceTree = "<group>"; };
		91622AF6211ED65F00E71D43 /* NoStoryboardSample.app */ = {isa = PBXFileReference; explicitFileType = wrapper.application; includeInIndex = 0; path = NoStoryboardSample.app; sourceTree = BUILT_PRODUCTS_DIR; };
		91622AF9211ED65F00E71D43 /* AppDelegate.swift */ = {isa = PBXFileReference; lastKnownFileType = sourcecode.swift; path = AppDelegate.swift; sourceTree = "<group>"; };
		91622AFB211ED65F00E71D43 /* FriendListVC.swift */ = {isa = PBXFileReference; lastKnownFileType = sourcecode.swift; path = FriendListVC.swift; sourceTree = "<group>"; };
		91622B01211ED65F00E71D43 /* NoStoryboardSample.xcdatamodel */ = {isa = PBXFileReference; lastKnownFileType = wrapper.xcdatamodel; path = NoStoryboardSample.xcdatamodel; sourceTree = "<group>"; };
		91622B03211ED66100E71D43 /* Assets.xcassets */ = {isa = PBXFileReference; lastKnownFileType = folder.assetcatalog; path = Assets.xcassets; sourceTree = "<group>"; };
		91622B06211ED66100E71D43 /* Base */ = {isa = PBXFileReference; lastKnownFileType = file.storyboard; name = Base; path = Base.lproj/LaunchScreen.storyboard; sourceTree = "<group>"; };
		91622B08211ED66100E71D43 /* Info.plist */ = {isa = PBXFileReference; lastKnownFileType = text.plist.xml; path = Info.plist; sourceTree = "<group>"; };
		91622B0D211ED66100E71D43 /* NoStoryboardSampleTests.xctest */ = {isa = PBXFileReference; explicitFileType = wrapper.cfbundle; includeInIndex = 0; path = NoStoryboardSampleTests.xctest; sourceTree = BUILT_PRODUCTS_DIR; };
		91622B11211ED66100E71D43 /* NoStoryboardSampleTests.swift */ = {isa = PBXFileReference; lastKnownFileType = sourcecode.swift; path = NoStoryboardSampleTests.swift; sourceTree = "<group>"; };
		91622B13211ED66100E71D43 /* Info.plist */ = {isa = PBXFileReference; lastKnownFileType = text.plist.xml; path = Info.plist; sourceTree = "<group>"; };
		91622B18211ED66100E71D43 /* NoStoryboardSampleUITests.xctest */ = {isa = PBXFileReference; explicitFileType = wrapper.cfbundle; includeInIndex = 0; path = NoStoryboardSampleUITests.xctest; sourceTree = BUILT_PRODUCTS_DIR; };
		91622B1C211ED66100E71D43 /* NoStoryboardSampleUITests.swift */ = {isa = PBXFileReference; lastKnownFileType = sourcecode.swift; path = NoStoryboardSampleUITests.swift; sourceTree = "<group>"; };
		91622B1E211ED66100E71D43 /* Info.plist */ = {isa = PBXFileReference; lastKnownFileType = text.plist.xml; path = Info.plist; sourceTree = "<group>"; };
		91D66260211EDC6100306096 /* Log.swift */ = {isa = PBXFileReference; fileEncoding = 4; lastKnownFileType = sourcecode.swift; path = Log.swift; sourceTree = "<group>"; };
		91D66261211EDC6100306096 /* Utility.swift */ = {isa = PBXFileReference; fileEncoding = 4; lastKnownFileType = sourcecode.swift; path = Utility.swift; sourceTree = "<group>"; };
		91D66264211EDD5600306096 /* FriendListCell.swift */ = {isa = PBXFileReference; lastKnownFileType = sourcecode.swift; path = FriendListCell.swift; sourceTree = "<group>"; };
		91D66269211EE09C00306096 /* FriendListApi.swift */ = {isa = PBXFileReference; lastKnownFileType = sourcecode.swift; path = FriendListApi.swift; sourceTree = "<group>"; };
		91D6626B211EE0D300306096 /* FriendListCoreData.swift */ = {isa = PBXFileReference; lastKnownFileType = sourcecode.swift; path = FriendListCoreData.swift; sourceTree = "<group>"; };
		91D6626F211EE18900306096 /* FriendMO+CoreDataClass.swift */ = {isa = PBXFileReference; lastKnownFileType = sourcecode.swift; path = "FriendMO+CoreDataClass.swift"; sourceTree = "<group>"; };
		91D66270211EE18900306096 /* FriendMO+CoreDataProperties.swift */ = {isa = PBXFileReference; lastKnownFileType = sourcecode.swift; path = "FriendMO+CoreDataProperties.swift"; sourceTree = "<group>"; };
		91D66273211EED2A00306096 /* FriendListInteractor.swift */ = {isa = PBXFileReference; lastKnownFileType = sourcecode.swift; path = FriendListInteractor.swift; sourceTree = "<group>"; };
		91D66275211EEEE400306096 /* FriendListPresenter.swift */ = {isa = PBXFileReference; lastKnownFileType = sourcecode.swift; path = FriendListPresenter.swift; sourceTree = "<group>"; };
		91D66277211EF13000306096 /* FriendListRouter.swift */ = {isa = PBXFileReference; lastKnownFileType = sourcecode.swift; path = FriendListRouter.swift; sourceTree = "<group>"; };
		91D66279211EF5C300306096 /* FriendViewModel.swift */ = {isa = PBXFileReference; lastKnownFileType = sourcecode.swift; path = FriendViewModel.swift; sourceTree = "<group>"; };
		91D66280211F46F300306096 /* ClienArchitecture.pdf */ = {isa = PBXFileReference; lastKnownFileType = image.pdf; path = ClienArchitecture.pdf; sourceTree = "<group>"; };
		B117C56A657E5919E33D7AF8 /* Pods-NoStoryboardSample.debug.xcconfig */ = {isa = PBXFileReference; includeInIndex = 1; lastKnownFileType = text.xcconfig; name = "Pods-NoStoryboardSample.debug.xcconfig"; path = "Pods/Target Support Files/Pods-NoStoryboardSample/Pods-NoStoryboardSample.debug.xcconfig"; sourceTree = "<group>"; };
		CE33356126FF44B614D20FFA /* Pods-NoStoryboardSampleUITests.debug.xcconfig */ = {isa = PBXFileReference; includeInIndex = 1; lastKnownFileType = text.xcconfig; name = "Pods-NoStoryboardSampleUITests.debug.xcconfig"; path = "Pods/Target Support Files/Pods-NoStoryboardSampleUITests/Pods-NoStoryboardSampleUITests.debug.xcconfig"; sourceTree = "<group>"; };
		DA1D1DCCFDDAE63916D947E6 /* Pods-NoStoryboardSampleUITests.release.xcconfig */ = {isa = PBXFileReference; includeInIndex = 1; lastKnownFileType = text.xcconfig; name = "Pods-NoStoryboardSampleUITests.release.xcconfig"; path = "Pods/Target Support Files/Pods-NoStoryboardSampleUITests/Pods-NoStoryboardSampleUITests.release.xcconfig"; sourceTree = "<group>"; };
		DEB2837F2845519C0237145F /* Pods-NoStoryboardSample.release.xcconfig */ = {isa = PBXFileReference; includeInIndex = 1; lastKnownFileType = text.xcconfig; name = "Pods-NoStoryboardSample.release.xcconfig"; path = "Pods/Target Support Files/Pods-NoStoryboardSample/Pods-NoStoryboardSample.release.xcconfig"; sourceTree = "<group>"; };
		ED1FA0B3CB8F9C47B43B74D1 /* Pods_NoStoryboardSample.framework */ = {isa = PBXFileReference; explicitFileType = wrapper.framework; includeInIndex = 0; path = Pods_NoStoryboardSample.framework; sourceTree = BUILT_PRODUCTS_DIR; };
		F36AA9B506472D133F416AF7 /* Pods_NoStoryboardSampleUITests.framework */ = {isa = PBXFileReference; explicitFileType = wrapper.framework; includeInIndex = 0; path = Pods_NoStoryboardSampleUITests.framework; sourceTree = BUILT_PRODUCTS_DIR; };
/* End PBXFileReference section */

/* Begin PBXFrameworksBuildPhase section */
		91622AF3211ED65F00E71D43 /* Frameworks */ = {
			isa = PBXFrameworksBuildPhase;
			buildActionMask = 2147483647;
			files = (
				5A93133F3A22E03D30AF08B0 /* Pods_NoStoryboardSample.framework in Frameworks */,
			);
			runOnlyForDeploymentPostprocessing = 0;
		};
		91622B0A211ED66100E71D43 /* Frameworks */ = {
			isa = PBXFrameworksBuildPhase;
			buildActionMask = 2147483647;
			files = (
				47AC42FCA4C9CF00DDEC6D0A /* Pods_NoStoryboardSampleTests.framework in Frameworks */,
			);
			runOnlyForDeploymentPostprocessing = 0;
		};
		91622B15211ED66100E71D43 /* Frameworks */ = {
			isa = PBXFrameworksBuildPhase;
			buildActionMask = 2147483647;
			files = (
				08D5305213ECCA9C1A09B83F /* Pods_NoStoryboardSampleUITests.framework in Frameworks */,
			);
			runOnlyForDeploymentPostprocessing = 0;
		};
/* End PBXFrameworksBuildPhase section */

/* Begin PBXGroup section */
		2B59F07AF9201B0A8DBA1BA4 /* Frameworks */ = {
			isa = PBXGroup;
			children = (
				ED1FA0B3CB8F9C47B43B74D1 /* Pods_NoStoryboardSample.framework */,
				23EDFC00989D087890E60BA0 /* Pods_NoStoryboardSampleTests.framework */,
				F36AA9B506472D133F416AF7 /* Pods_NoStoryboardSampleUITests.framework */,
			);
			name = Frameworks;
			sourceTree = "<group>";
		};
		6E61B11F4CE7CB16778C9834 /* Pods */ = {
			isa = PBXGroup;
			children = (
				B117C56A657E5919E33D7AF8 /* Pods-NoStoryboardSample.debug.xcconfig */,
				DEB2837F2845519C0237145F /* Pods-NoStoryboardSample.release.xcconfig */,
				30BB443E621675BA9B5C598E /* Pods-NoStoryboardSampleTests.debug.xcconfig */,
				6F40526E1155127DA68D2D37 /* Pods-NoStoryboardSampleTests.release.xcconfig */,
				CE33356126FF44B614D20FFA /* Pods-NoStoryboardSampleUITests.debug.xcconfig */,
				DA1D1DCCFDDAE63916D947E6 /* Pods-NoStoryboardSampleUITests.release.xcconfig */,
			);
			name = Pods;
			sourceTree = "<group>";
		};
		9101997B212022D800E37A64 /* Networking */ = {
			isa = PBXGroup;
			children = (
				9101997C212022F200E37A64 /* NetworkManager.swift */,
			);
			path = Networking;
			sourceTree = "<group>";
		};
		9157ACC721215B4100E3EBFC /* FriendDetail */ = {
			isa = PBXGroup;
			children = (
				9157ACC821215B6900E3EBFC /* FriendDetailVC.swift */,
			);
			path = FriendDetail;
			sourceTree = "<group>";
		};
		91622AED211ED65F00E71D43 = {
			isa = PBXGroup;
			children = (
				91D6627E211F0F0200306096 /* CleanArchitectureFlow */,
				91622AF8211ED65F00E71D43 /* NoStoryboardSample */,
				91622B10211ED66100E71D43 /* NoStoryboardSampleTests */,
				91622B1B211ED66100E71D43 /* NoStoryboardSampleUITests */,
				91622AF7211ED65F00E71D43 /* Products */,
				6E61B11F4CE7CB16778C9834 /* Pods */,
				2B59F07AF9201B0A8DBA1BA4 /* Frameworks */,
			);
			sourceTree = "<group>";
		};
		91622AF7211ED65F00E71D43 /* Products */ = {
			isa = PBXGroup;
			children = (
				91622AF6211ED65F00E71D43 /* NoStoryboardSample.app */,
				91622B0D211ED66100E71D43 /* NoStoryboardSampleTests.xctest */,
				91622B18211ED66100E71D43 /* NoStoryboardSampleUITests.xctest */,
			);
			name = Products;
			sourceTree = "<group>";
		};
		91622AF8211ED65F00E71D43 /* NoStoryboardSample */ = {
			isa = PBXGroup;
			children = (
				91F18E2A211EDA90005C3A63 /* AppDelegateSetup */,
				91F18E2F211EDB35005C3A63 /* Assets */,
				91F18E2C211EDAD5005C3A63 /* CoreDataModel */,
				91D66267211EE06000306096 /* DataStore */,
				9101997B212022D800E37A64 /* Networking */,
				91D66258211EDB9800306096 /* Scenes */,
				91D6625F211EDC6100306096 /* Utilities */,
			);
			path = NoStoryboardSample;
			sourceTree = "<group>";
		};
		91622B10211ED66100E71D43 /* NoStoryboardSampleTests */ = {
			isa = PBXGroup;
			children = (
				91622B11211ED66100E71D43 /* NoStoryboardSampleTests.swift */,
				91622B13211ED66100E71D43 /* Info.plist */,
			);
			path = NoStoryboardSampleTests;
			sourceTree = "<group>";
		};
		91622B1B211ED66100E71D43 /* NoStoryboardSampleUITests */ = {
			isa = PBXGroup;
			children = (
				91622B1C211ED66100E71D43 /* NoStoryboardSampleUITests.swift */,
				91622B1E211ED66100E71D43 /* Info.plist */,
			);
			path = NoStoryboardSampleUITests;
			sourceTree = "<group>";
		};
		91D66258211EDB9800306096 /* Scenes */ = {
			isa = PBXGroup;
			children = (
				9157ACC721215B4100E3EBFC /* FriendDetail */,
				91D66259211EDBA000306096 /* FriendList */,
			);
			path = Scenes;
			sourceTree = "<group>";
		};
		91D66259211EDBA000306096 /* FriendList */ = {
			isa = PBXGroup;
			children = (
				91D66264211EDD5600306096 /* FriendListCell.swift */,
				91622AFB211ED65F00E71D43 /* FriendListVC.swift */,
				91D66273211EED2A00306096 /* FriendListInteractor.swift */,
				91D66275211EEEE400306096 /* FriendListPresenter.swift */,
				91D66277211EF13000306096 /* FriendListRouter.swift */,
				91D66279211EF5C300306096 /* FriendViewModel.swift */,
			);
			path = FriendList;
			sourceTree = "<group>";
		};
		91D6625F211EDC6100306096 /* Utilities */ = {
			isa = PBXGroup;
			children = (
				91D66260211EDC6100306096 /* Log.swift */,
				91D66261211EDC6100306096 /* Utility.swift */,
			);
			path = Utilities;
			sourceTree = "<group>";
		};
		91D66267211EE06000306096 /* DataStore */ = {
			isa = PBXGroup;
			children = (
				91D66268211EE07400306096 /* FriendListStore */,
			);
			path = DataStore;
			sourceTree = "<group>";
		};
		91D66268211EE07400306096 /* FriendListStore */ = {
			isa = PBXGroup;
			children = (
				91D66269211EE09C00306096 /* FriendListApi.swift */,
				91D6626B211EE0D300306096 /* FriendListCoreData.swift */,
			);
			path = FriendListStore;
			sourceTree = "<group>";
		};
		91D6626D211EE0FD00306096 /* ManageObjects */ = {
			isa = PBXGroup;
			children = (
				91D6626E211EE17000306096 /* FriendMO */,
			);
			path = ManageObjects;
			sourceTree = "<group>";
		};
		91D6626E211EE17000306096 /* FriendMO */ = {
			isa = PBXGroup;
			children = (
				91D6626F211EE18900306096 /* FriendMO+CoreDataClass.swift */,
				91D66270211EE18900306096 /* FriendMO+CoreDataProperties.swift */,
			);
			path = FriendMO;
			sourceTree = "<group>";
		};
		91D6627E211F0F0200306096 /* CleanArchitectureFlow */ = {
			isa = PBXGroup;
			children = (
				91D66280211F46F300306096 /* ClienArchitecture.pdf */,
			);
			path = CleanArchitectureFlow;
			sourceTree = "<group>";
		};
		91F18E2A211EDA90005C3A63 /* AppDelegateSetup */ = {
			isa = PBXGroup;
			children = (
				91622AF9211ED65F00E71D43 /* AppDelegate.swift */,
				91622B05211ED66100E71D43 /* LaunchScreen.storyboard */,
				91622B08211ED66100E71D43 /* Info.plist */,
			);
			name = AppDelegateSetup;
			sourceTree = "<group>";
		};
		91F18E2C211EDAD5005C3A63 /* CoreDataModel */ = {
			isa = PBXGroup;
			children = (
				91D6626D211EE0FD00306096 /* ManageObjects */,
				91622B00211ED65F00E71D43 /* NoStoryboardSample.xcdatamodeld */,
			);
			path = CoreDataModel;
			sourceTree = "<group>";
		};
		91F18E2F211EDB35005C3A63 /* Assets */ = {
			isa = PBXGroup;
			children = (
				91622B03211ED66100E71D43 /* Assets.xcassets */,
			);
			path = Assets;
			sourceTree = "<group>";
		};
/* End PBXGroup section */

/* Begin PBXNativeTarget section */
		91622AF5211ED65F00E71D43 /* NoStoryboardSample */ = {
			isa = PBXNativeTarget;
			buildConfigurationList = 91622B21211ED66100E71D43 /* Build configuration list for PBXNativeTarget "NoStoryboardSample" */;
			buildPhases = (
				13C793DC87EAB9960A20AD41 /* [CP] Check Pods Manifest.lock */,
				91622AF2211ED65F00E71D43 /* Sources */,
				91622AF3211ED65F00E71D43 /* Frameworks */,
				91622AF4211ED65F00E71D43 /* Resources */,
				ED8C87F5F92A65184FCAA6A0 /* [CP] Embed Pods Frameworks */,
			);
			buildRules = (
			);
			dependencies = (
			);
			name = NoStoryboardSample;
			productName = NoStoryboardSample;
			productReference = 91622AF6211ED65F00E71D43 /* NoStoryboardSample.app */;
			productType = "com.apple.product-type.application";
		};
		91622B0C211ED66100E71D43 /* NoStoryboardSampleTests */ = {
			isa = PBXNativeTarget;
			buildConfigurationList = 91622B24211ED66100E71D43 /* Build configuration list for PBXNativeTarget "NoStoryboardSampleTests" */;
			buildPhases = (
				C9FB7DB57987C00FF1380CE6 /* [CP] Check Pods Manifest.lock */,
				91622B09211ED66100E71D43 /* Sources */,
				91622B0A211ED66100E71D43 /* Frameworks */,
				91622B0B211ED66100E71D43 /* Resources */,
			);
			buildRules = (
			);
			dependencies = (
				91622B0F211ED66100E71D43 /* PBXTargetDependency */,
			);
			name = NoStoryboardSampleTests;
			productName = NoStoryboardSampleTests;
			productReference = 91622B0D211ED66100E71D43 /* NoStoryboardSampleTests.xctest */;
			productType = "com.apple.product-type.bundle.unit-test";
		};
		91622B17211ED66100E71D43 /* NoStoryboardSampleUITests */ = {
			isa = PBXNativeTarget;
			buildConfigurationList = 91622B27211ED66100E71D43 /* Build configuration list for PBXNativeTarget "NoStoryboardSampleUITests" */;
			buildPhases = (
				1A9F87B13112875AF731980F /* [CP] Check Pods Manifest.lock */,
				91622B14211ED66100E71D43 /* Sources */,
				91622B15211ED66100E71D43 /* Frameworks */,
				91622B16211ED66100E71D43 /* Resources */,
			);
			buildRules = (
			);
			dependencies = (
				91622B1A211ED66100E71D43 /* PBXTargetDependency */,
			);
			name = NoStoryboardSampleUITests;
			productName = NoStoryboardSampleUITests;
			productReference = 91622B18211ED66100E71D43 /* NoStoryboardSampleUITests.xctest */;
			productType = "com.apple.product-type.bundle.ui-testing";
		};
/* End PBXNativeTarget section */

/* Begin PBXProject section */
		91622AEE211ED65F00E71D43 /* Project object */ = {
			isa = PBXProject;
			attributes = {
				LastSwiftUpdateCheck = 0940;
				LastUpgradeCheck = 0940;
				ORGANIZATIONNAME = "Inder Kumar Rathore";
				TargetAttributes = {
					91622AF5211ED65F00E71D43 = {
						CreatedOnToolsVersion = 9.4.1;
					};
					91622B0C211ED66100E71D43 = {
						CreatedOnToolsVersion = 9.4.1;
						TestTargetID = 91622AF5211ED65F00E71D43;
					};
					91622B17211ED66100E71D43 = {
						CreatedOnToolsVersion = 9.4.1;
						TestTargetID = 91622AF5211ED65F00E71D43;
					};
				};
			};
			buildConfigurationList = 91622AF1211ED65F00E71D43 /* Build configuration list for PBXProject "NoStoryboardSample" */;
			compatibilityVersion = "Xcode 9.3";
			developmentRegion = en;
			hasScannedForEncodings = 0;
			knownRegions = (
				en,
				Base,
			);
			mainGroup = 91622AED211ED65F00E71D43;
			productRefGroup = 91622AF7211ED65F00E71D43 /* Products */;
			projectDirPath = "";
			projectRoot = "";
			targets = (
				91622AF5211ED65F00E71D43 /* NoStoryboardSample */,
				91622B0C211ED66100E71D43 /* NoStoryboardSampleTests */,
				91622B17211ED66100E71D43 /* NoStoryboardSampleUITests */,
			);
		};
/* End PBXProject section */

/* Begin PBXResourcesBuildPhase section */
		91622AF4211ED65F00E71D43 /* Resources */ = {
			isa = PBXResourcesBuildPhase;
			buildActionMask = 2147483647;
			files = (
				91622B07211ED66100E71D43 /* LaunchScreen.storyboard in Resources */,
				91622B04211ED66100E71D43 /* Assets.xcassets in Resources */,
			);
			runOnlyForDeploymentPostprocessing = 0;
		};
		91622B0B211ED66100E71D43 /* Resources */ = {
			isa = PBXResourcesBuildPhase;
			buildActionMask = 2147483647;
			files = (
			);
			runOnlyForDeploymentPostprocessing = 0;
		};
		91622B16211ED66100E71D43 /* Resources */ = {
			isa = PBXResourcesBuildPhase;
			buildActionMask = 2147483647;
			files = (
			);
			runOnlyForDeploymentPostprocessing = 0;
		};
/* End PBXResourcesBuildPhase section */

/* Begin PBXShellScriptBuildPhase section */
		13C793DC87EAB9960A20AD41 /* [CP] Check Pods Manifest.lock */ = {
			isa = PBXShellScriptBuildPhase;
			buildActionMask = 2147483647;
			files = (
			);
			inputPaths = (
				"${PODS_PODFILE_DIR_PATH}/Podfile.lock",
				"${PODS_ROOT}/Manifest.lock",
			);
			name = "[CP] Check Pods Manifest.lock";
			outputPaths = (
				"$(DERIVED_FILE_DIR)/Pods-NoStoryboardSample-checkManifestLockResult.txt",
			);
			runOnlyForDeploymentPostprocessing = 0;
			shellPath = /bin/sh;
			shellScript = "diff \"${PODS_PODFILE_DIR_PATH}/Podfile.lock\" \"${PODS_ROOT}/Manifest.lock\" > /dev/null\nif [ $? != 0 ] ; then\n    # print error to STDERR\n    echo \"error: The sandbox is not in sync with the Podfile.lock. Run 'pod install' or update your CocoaPods installation.\" >&2\n    exit 1\nfi\n# This output is used by Xcode 'outputs' to avoid re-running this script phase.\necho \"SUCCESS\" > \"${SCRIPT_OUTPUT_FILE_0}\"\n";
			showEnvVarsInLog = 0;
		};
		1A9F87B13112875AF731980F /* [CP] Check Pods Manifest.lock */ = {
			isa = PBXShellScriptBuildPhase;
			buildActionMask = 2147483647;
			files = (
			);
			inputPaths = (
				"${PODS_PODFILE_DIR_PATH}/Podfile.lock",
				"${PODS_ROOT}/Manifest.lock",
			);
			name = "[CP] Check Pods Manifest.lock";
			outputPaths = (
				"$(DERIVED_FILE_DIR)/Pods-NoStoryboardSampleUITests-checkManifestLockResult.txt",
			);
			runOnlyForDeploymentPostprocessing = 0;
			shellPath = /bin/sh;
			shellScript = "diff \"${PODS_PODFILE_DIR_PATH}/Podfile.lock\" \"${PODS_ROOT}/Manifest.lock\" > /dev/null\nif [ $? != 0 ] ; then\n    # print error to STDERR\n    echo \"error: The sandbox is not in sync with the Podfile.lock. Run 'pod install' or update your CocoaPods installation.\" >&2\n    exit 1\nfi\n# This output is used by Xcode 'outputs' to avoid re-running this script phase.\necho \"SUCCESS\" > \"${SCRIPT_OUTPUT_FILE_0}\"\n";
			showEnvVarsInLog = 0;
		};
		C9FB7DB57987C00FF1380CE6 /* [CP] Check Pods Manifest.lock */ = {
			isa = PBXShellScriptBuildPhase;
			buildActionMask = 2147483647;
			files = (
			);
			inputPaths = (
				"${PODS_PODFILE_DIR_PATH}/Podfile.lock",
				"${PODS_ROOT}/Manifest.lock",
			);
			name = "[CP] Check Pods Manifest.lock";
			outputPaths = (
				"$(DERIVED_FILE_DIR)/Pods-NoStoryboardSampleTests-checkManifestLockResult.txt",
			);
			runOnlyForDeploymentPostprocessing = 0;
			shellPath = /bin/sh;
			shellScript = "diff \"${PODS_PODFILE_DIR_PATH}/Podfile.lock\" \"${PODS_ROOT}/Manifest.lock\" > /dev/null\nif [ $? != 0 ] ; then\n    # print error to STDERR\n    echo \"error: The sandbox is not in sync with the Podfile.lock. Run 'pod install' or update your CocoaPods installation.\" >&2\n    exit 1\nfi\n# This output is used by Xcode 'outputs' to avoid re-running this script phase.\necho \"SUCCESS\" > \"${SCRIPT_OUTPUT_FILE_0}\"\n";
			showEnvVarsInLog = 0;
		};
		ED8C87F5F92A65184FCAA6A0 /* [CP] Embed Pods Frameworks */ = {
			isa = PBXShellScriptBuildPhase;
			buildActionMask = 2147483647;
			files = (
			);
			inputPaths = (
				"${SRCROOT}/Pods/Target Support Files/Pods-NoStoryboardSample/Pods-NoStoryboardSample-frameworks.sh",
				"${BUILT_PRODUCTS_DIR}/Alamofire/Alamofire.framework",
				"${BUILT_PRODUCTS_DIR}/Kingfisher/Kingfisher.framework",
				"${BUILT_PRODUCTS_DIR}/MBProgressHUD/MBProgressHUD.framework",
				"${BUILT_PRODUCTS_DIR}/SwiftyBeaver/SwiftyBeaver.framework",
			);
			name = "[CP] Embed Pods Frameworks";
			outputPaths = (
				"${TARGET_BUILD_DIR}/${FRAMEWORKS_FOLDER_PATH}/Alamofire.framework",
				"${TARGET_BUILD_DIR}/${FRAMEWORKS_FOLDER_PATH}/Kingfisher.framework",
				"${TARGET_BUILD_DIR}/${FRAMEWORKS_FOLDER_PATH}/MBProgressHUD.framework",
				"${TARGET_BUILD_DIR}/${FRAMEWORKS_FOLDER_PATH}/SwiftyBeaver.framework",
			);
			runOnlyForDeploymentPostprocessing = 0;
			shellPath = /bin/sh;
			shellScript = "\"${SRCROOT}/Pods/Target Support Files/Pods-NoStoryboardSample/Pods-NoStoryboardSample-frameworks.sh\"\n";
			showEnvVarsInLog = 0;
		};
/* End PBXShellScriptBuildPhase section */

/* Begin PBXSourcesBuildPhase section */
		91622AF2211ED65F00E71D43 /* Sources */ = {
			isa = PBXSourcesBuildPhase;
			buildActionMask = 2147483647;
			files = (
				91D66271211EE18900306096 /* FriendMO+CoreDataClass.swift in Sources */,
				91D66274211EED2A00306096 /* FriendListInteractor.swift in Sources */,
				91D6627A211EF5C300306096 /* FriendViewModel.swift in Sources */,
				9157ACC921215B6900E3EBFC /* FriendDetailVC.swift in Sources */,
				91D66272211EE18900306096 /* FriendMO+CoreDataProperties.swift in Sources */,
				91D66263211EDC6100306096 /* Utility.swift in Sources */,
				91D6626A211EE09C00306096 /* FriendListApi.swift in Sources */,
				91D6626C211EE0D300306096 /* FriendListCoreData.swift in Sources */,
				91D66278211EF13000306096 /* FriendListRouter.swift in Sources */,
				91D66265211EDD5600306096 /* FriendListCell.swift in Sources */,
				91622AFC211ED65F00E71D43 /* FriendListVC.swift in Sources */,
				91D66276211EEEE400306096 /* FriendListPresenter.swift in Sources */,
				91622AFA211ED65F00E71D43 /* AppDelegate.swift in Sources */,
				9101997D212022F200E37A64 /* NetworkManager.swift in Sources */,
				91D66262211EDC6100306096 /* Log.swift in Sources */,
				91622B02211ED65F00E71D43 /* NoStoryboardSample.xcdatamodeld in Sources */,
			);
			runOnlyForDeploymentPostprocessing = 0;
		};
		91622B09211ED66100E71D43 /* Sources */ = {
			isa = PBXSourcesBuildPhase;
			buildActionMask = 2147483647;
			files = (
				91622B12211ED66100E71D43 /* NoStoryboardSampleTests.swift in Sources */,
			);
			runOnlyForDeploymentPostprocessing = 0;
		};
		91622B14211ED66100E71D43 /* Sources */ = {
			isa = PBXSourcesBuildPhase;
			buildActionMask = 2147483647;
			files = (
				91622B1D211ED66100E71D43 /* NoStoryboardSampleUITests.swift in Sources */,
			);
			runOnlyForDeploymentPostprocessing = 0;
		};
/* End PBXSourcesBuildPhase section */

/* Begin PBXTargetDependency section */
		91622B0F211ED66100E71D43 /* PBXTargetDependency */ = {
			isa = PBXTargetDependency;
			target = 91622AF5211ED65F00E71D43 /* NoStoryboardSample */;
			targetProxy = 91622B0E211ED66100E71D43 /* PBXContainerItemProxy */;
		};
		91622B1A211ED66100E71D43 /* PBXTargetDependency */ = {
			isa = PBXTargetDependency;
			target = 91622AF5211ED65F00E71D43 /* NoStoryboardSample */;
			targetProxy = 91622B19211ED66100E71D43 /* PBXContainerItemProxy */;
		};
/* End PBXTargetDependency section */

/* Begin PBXVariantGroup section */
		91622B05211ED66100E71D43 /* LaunchScreen.storyboard */ = {
			isa = PBXVariantGroup;
			children = (
				91622B06211ED66100E71D43 /* Base */,
			);
			name = LaunchScreen.storyboard;
			sourceTree = "<group>";
		};
/* End PBXVariantGroup section */

/* Begin XCBuildConfiguration section */
		91622B1F211ED66100E71D43 /* Debug */ = {
			isa = XCBuildConfiguration;
			buildSettings = {
				ALWAYS_SEARCH_USER_PATHS = NO;
				CLANG_ANALYZER_NONNULL = YES;
				CLANG_ANALYZER_NUMBER_OBJECT_CONVERSION = YES_AGGRESSIVE;
				CLANG_CXX_LANGUAGE_STANDARD = "gnu++14";
				CLANG_CXX_LIBRARY = "libc++";
				CLANG_ENABLE_MODULES = YES;
				CLANG_ENABLE_OBJC_ARC = YES;
				CLANG_ENABLE_OBJC_WEAK = YES;
				CLANG_WARN_BLOCK_CAPTURE_AUTORELEASING = YES;
				CLANG_WARN_BOOL_CONVERSION = YES;
				CLANG_WARN_COMMA = YES;
				CLANG_WARN_CONSTANT_CONVERSION = YES;
				CLANG_WARN_DEPRECATED_OBJC_IMPLEMENTATIONS = YES;
				CLANG_WARN_DIRECT_OBJC_ISA_USAGE = YES_ERROR;
				CLANG_WARN_DOCUMENTATION_COMMENTS = YES;
				CLANG_WARN_EMPTY_BODY = YES;
				CLANG_WARN_ENUM_CONVERSION = YES;
				CLANG_WARN_INFINITE_RECURSION = YES;
				CLANG_WARN_INT_CONVERSION = YES;
				CLANG_WARN_NON_LITERAL_NULL_CONVERSION = YES;
				CLANG_WARN_OBJC_IMPLICIT_RETAIN_SELF = YES;
				CLANG_WARN_OBJC_LITERAL_CONVERSION = YES;
				CLANG_WARN_OBJC_ROOT_CLASS = YES_ERROR;
				CLANG_WARN_RANGE_LOOP_ANALYSIS = YES;
				CLANG_WARN_STRICT_PROTOTYPES = YES;
				CLANG_WARN_SUSPICIOUS_MOVE = YES;
				CLANG_WARN_UNGUARDED_AVAILABILITY = YES_AGGRESSIVE;
				CLANG_WARN_UNREACHABLE_CODE = YES;
				CLANG_WARN__DUPLICATE_METHOD_MATCH = YES;
				CODE_SIGN_IDENTITY = "iPhone Developer";
				COPY_PHASE_STRIP = NO;
				DEBUG_INFORMATION_FORMAT = dwarf;
				ENABLE_STRICT_OBJC_MSGSEND = YES;
				ENABLE_TESTABILITY = YES;
				GCC_C_LANGUAGE_STANDARD = gnu11;
				GCC_DYNAMIC_NO_PIC = NO;
				GCC_NO_COMMON_BLOCKS = YES;
				GCC_OPTIMIZATION_LEVEL = 0;
				GCC_PREPROCESSOR_DEFINITIONS = (
					"DEBUG=1",
					"$(inherited)",
				);
				GCC_WARN_64_TO_32_BIT_CONVERSION = YES;
				GCC_WARN_ABOUT_RETURN_TYPE = YES_ERROR;
				GCC_WARN_UNDECLARED_SELECTOR = YES;
				GCC_WARN_UNINITIALIZED_AUTOS = YES_AGGRESSIVE;
				GCC_WARN_UNUSED_FUNCTION = YES;
				GCC_WARN_UNUSED_VARIABLE = YES;
				IPHONEOS_DEPLOYMENT_TARGET = 10.0;
				MTL_ENABLE_DEBUG_INFO = YES;
				ONLY_ACTIVE_ARCH = YES;
				SDKROOT = iphoneos;
				SWIFT_ACTIVE_COMPILATION_CONDITIONS = DEBUG;
				SWIFT_OPTIMIZATION_LEVEL = "-Onone";
			};
			name = Debug;
		};
		91622B20211ED66100E71D43 /* Release */ = {
			isa = XCBuildConfiguration;
			buildSettings = {
				ALWAYS_SEARCH_USER_PATHS = NO;
				CLANG_ANALYZER_NONNULL = YES;
				CLANG_ANALYZER_NUMBER_OBJECT_CONVERSION = YES_AGGRESSIVE;
				CLANG_CXX_LANGUAGE_STANDARD = "gnu++14";
				CLANG_CXX_LIBRARY = "libc++";
				CLANG_ENABLE_MODULES = YES;
				CLANG_ENABLE_OBJC_ARC = YES;
				CLANG_ENABLE_OBJC_WEAK = YES;
				CLANG_WARN_BLOCK_CAPTURE_AUTORELEASING = YES;
				CLANG_WARN_BOOL_CONVERSION = YES;
				CLANG_WARN_COMMA = YES;
				CLANG_WARN_CONSTANT_CONVERSION = YES;
				CLANG_WARN_DEPRECATED_OBJC_IMPLEMENTATIONS = YES;
				CLANG_WARN_DIRECT_OBJC_ISA_USAGE = YES_ERROR;
				CLANG_WARN_DOCUMENTATION_COMMENTS = YES;
				CLANG_WARN_EMPTY_BODY = YES;
				CLANG_WARN_ENUM_CONVERSION = YES;
				CLANG_WARN_INFINITE_RECURSION = YES;
				CLANG_WARN_INT_CONVERSION = YES;
				CLANG_WARN_NON_LITERAL_NULL_CONVERSION = YES;
				CLANG_WARN_OBJC_IMPLICIT_RETAIN_SELF = YES;
				CLANG_WARN_OBJC_LITERAL_CONVERSION = YES;
				CLANG_WARN_OBJC_ROOT_CLASS = YES_ERROR;
				CLANG_WARN_RANGE_LOOP_ANALYSIS = YES;
				CLANG_WARN_STRICT_PROTOTYPES = YES;
				CLANG_WARN_SUSPICIOUS_MOVE = YES;
				CLANG_WARN_UNGUARDED_AVAILABILITY = YES_AGGRESSIVE;
				CLANG_WARN_UNREACHABLE_CODE = YES;
				CLANG_WARN__DUPLICATE_METHOD_MATCH = YES;
				CODE_SIGN_IDENTITY = "iPhone Developer";
				COPY_PHASE_STRIP = NO;
				DEBUG_INFORMATION_FORMAT = "dwarf-with-dsym";
				ENABLE_NS_ASSERTIONS = NO;
				ENABLE_STRICT_OBJC_MSGSEND = YES;
				GCC_C_LANGUAGE_STANDARD = gnu11;
				GCC_NO_COMMON_BLOCKS = YES;
				GCC_WARN_64_TO_32_BIT_CONVERSION = YES;
				GCC_WARN_ABOUT_RETURN_TYPE = YES_ERROR;
				GCC_WARN_UNDECLARED_SELECTOR = YES;
				GCC_WARN_UNINITIALIZED_AUTOS = YES_AGGRESSIVE;
				GCC_WARN_UNUSED_FUNCTION = YES;
				GCC_WARN_UNUSED_VARIABLE = YES;
				IPHONEOS_DEPLOYMENT_TARGET = 10.0;
				MTL_ENABLE_DEBUG_INFO = NO;
				SDKROOT = iphoneos;
				SWIFT_COMPILATION_MODE = wholemodule;
				SWIFT_OPTIMIZATION_LEVEL = "-O";
				VALIDATE_PRODUCT = YES;
			};
			name = Release;
		};
		91622B22211ED66100E71D43 /* Debug */ = {
			isa = XCBuildConfiguration;
			baseConfigurationReference = B117C56A657E5919E33D7AF8 /* Pods-NoStoryboardSample.debug.xcconfig */;
			buildSettings = {
				ASSETCATALOG_COMPILER_APPICON_NAME = AppIcon;
				CODE_SIGN_STYLE = Automatic;
				DEVELOPMENT_TEAM = UZ588YPX8M;
				INFOPLIST_FILE = NoStoryboardSample/Info.plist;
				LD_RUNPATH_SEARCH_PATHS = (
					"$(inherited)",
					"@executable_path/Frameworks",
				);
				PRODUCT_BUNDLE_IDENTIFIER = com.ikr.NoStoryboardSample;
				PRODUCT_NAME = "$(TARGET_NAME)";
				SWIFT_VERSION = 4.0;
				TARGETED_DEVICE_FAMILY = 1;
			};
			name = Debug;
		};
		91622B23211ED66100E71D43 /* Release */ = {
			isa = XCBuildConfiguration;
			baseConfigurationReference = DEB2837F2845519C0237145F /* Pods-NoStoryboardSample.release.xcconfig */;
			buildSettings = {
				ASSETCATALOG_COMPILER_APPICON_NAME = AppIcon;
				CODE_SIGN_STYLE = Automatic;
				DEVELOPMENT_TEAM = UZ588YPX8M;
				INFOPLIST_FILE = NoStoryboardSample/Info.plist;
				LD_RUNPATH_SEARCH_PATHS = (
					"$(inherited)",
					"@executable_path/Frameworks",
				);
				PRODUCT_BUNDLE_IDENTIFIER = com.ikr.NoStoryboardSample;
				PRODUCT_NAME = "$(TARGET_NAME)";
				SWIFT_VERSION = 4.0;
				TARGETED_DEVICE_FAMILY = 1;
			};
			name = Release;
		};
		91622B25211ED66100E71D43 /* Debug */ = {
			isa = XCBuildConfiguration;
			baseConfigurationReference = 30BB443E621675BA9B5C598E /* Pods-NoStoryboardSampleTests.debug.xcconfig */;
			buildSettings = {
				ALWAYS_EMBED_SWIFT_STANDARD_LIBRARIES = YES;
				BUNDLE_LOADER = "$(TEST_HOST)";
				CODE_SIGN_STYLE = Automatic;
				DEVELOPMENT_TEAM = UZ588YPX8M;
				INFOPLIST_FILE = NoStoryboardSampleTests/Info.plist;
				LD_RUNPATH_SEARCH_PATHS = (
					"$(inherited)",
					"@executable_path/Frameworks",
					"@loader_path/Frameworks",
				);
				PRODUCT_BUNDLE_IDENTIFIER = com.ikr.NoStoryboardSampleTests;
				PRODUCT_NAME = "$(TARGET_NAME)";
				SWIFT_VERSION = 4.0;
				TARGETED_DEVICE_FAMILY = "1,2";
				TEST_HOST = "$(BUILT_PRODUCTS_DIR)/NoStoryboardSample.app/NoStoryboardSample";
			};
			name = Debug;
		};
		91622B26211ED66100E71D43 /* Release */ = {
			isa = XCBuildConfiguration;
			baseConfigurationReference = 6F40526E1155127DA68D2D37 /* Pods-NoStoryboardSampleTests.release.xcconfig */;
			buildSettings = {
				ALWAYS_EMBED_SWIFT_STANDARD_LIBRARIES = YES;
				BUNDLE_LOADER = "$(TEST_HOST)";
				CODE_SIGN_STYLE = Automatic;
				DEVELOPMENT_TEAM = UZ588YPX8M;
				INFOPLIST_FILE = NoStoryboardSampleTests/Info.plist;
				LD_RUNPATH_SEARCH_PATHS = (
					"$(inherited)",
					"@executable_path/Frameworks",
					"@loader_path/Frameworks",
				);
				PRODUCT_BUNDLE_IDENTIFIER = com.ikr.NoStoryboardSampleTests;
				PRODUCT_NAME = "$(TARGET_NAME)";
				SWIFT_VERSION = 4.0;
				TARGETED_DEVICE_FAMILY = "1,2";
				TEST_HOST = "$(BUILT_PRODUCTS_DIR)/NoStoryboardSample.app/NoStoryboardSample";
			};
			name = Release;
		};
		91622B28211ED66100E71D43 /* Debug */ = {
			isa = XCBuildConfiguration;
			baseConfigurationReference = CE33356126FF44B614D20FFA /* Pods-NoStoryboardSampleUITests.debug.xcconfig */;
			buildSettings = {
				ALWAYS_EMBED_SWIFT_STANDARD_LIBRARIES = YES;
				CODE_SIGN_STYLE = Automatic;
				DEVELOPMENT_TEAM = UZ588YPX8M;
				INFOPLIST_FILE = NoStoryboardSampleUITests/Info.plist;
				LD_RUNPATH_SEARCH_PATHS = (
					"$(inherited)",
					"@executable_path/Frameworks",
					"@loader_path/Frameworks",
				);
				PRODUCT_BUNDLE_IDENTIFIER = com.ikr.NoStoryboardSampleUITests;
				PRODUCT_NAME = "$(TARGET_NAME)";
				SWIFT_VERSION = 4.0;
				TARGETED_DEVICE_FAMILY = "1,2";
				TEST_TARGET_NAME = NoStoryboardSample;
			};
			name = Debug;
		};
		91622B29211ED66100E71D43 /* Release */ = {
			isa = XCBuildConfiguration;
			baseConfigurationReference = DA1D1DCCFDDAE63916D947E6 /* Pods-NoStoryboardSampleUITests.release.xcconfig */;
			buildSettings = {
				ALWAYS_EMBED_SWIFT_STANDARD_LIBRARIES = YES;
				CODE_SIGN_STYLE = Automatic;
				DEVELOPMENT_TEAM = UZ588YPX8M;
				INFOPLIST_FILE = NoStoryboardSampleUITests/Info.plist;
				LD_RUNPATH_SEARCH_PATHS = (
					"$(inherited)",
					"@executable_path/Frameworks",
					"@loader_path/Frameworks",
				);
				PRODUCT_BUNDLE_IDENTIFIER = com.ikr.NoStoryboardSampleUITests;
				PRODUCT_NAME = "$(TARGET_NAME)";
				SWIFT_VERSION = 4.0;
				TARGETED_DEVICE_FAMILY = "1,2";
				TEST_TARGET_NAME = NoStoryboardSample;
			};
			name = Release;
		};
/* End XCBuildConfiguration section */

/* Begin XCConfigurationList section */
		91622AF1211ED65F00E71D43 /* Build configuration list for PBXProject "NoStoryboardSample" */ = {
			isa = XCConfigurationList;
			buildConfigurations = (
				91622B1F211ED66100E71D43 /* Debug */,
				91622B20211ED66100E71D43 /* Release */,
			);
			defaultConfigurationIsVisible = 0;
			defaultConfigurationName = Release;
		};
		91622B21211ED66100E71D43 /* Build configuration list for PBXNativeTarget "NoStoryboardSample" */ = {
			isa = XCConfigurationList;
			buildConfigurations = (
				91622B22211ED66100E71D43 /* Debug */,
				91622B23211ED66100E71D43 /* Release */,
			);
			defaultConfigurationIsVisible = 0;
			defaultConfigurationName = Release;
		};
		91622B24211ED66100E71D43 /* Build configuration list for PBXNativeTarget "NoStoryboardSampleTests" */ = {
			isa = XCConfigurationList;
			buildConfigurations = (
				91622B25211ED66100E71D43 /* Debug */,
				91622B26211ED66100E71D43 /* Release */,
			);
			defaultConfigurationIsVisible = 0;
			defaultConfigurationName = Release;
		};
		91622B27211ED66100E71D43 /* Build configuration list for PBXNativeTarget "NoStoryboardSampleUITests" */ = {
			isa = XCConfigurationList;
			buildConfigurations = (
				91622B28211ED66100E71D43 /* Debug */,
				91622B29211ED66100E71D43 /* Release */,
			);
			defaultConfigurationIsVisible = 0;
			defaultConfigurationName = Release;
		};
/* End XCConfigurationList section */

/* Begin XCVersionGroup section */
		91622B00211ED65F00E71D43 /* NoStoryboardSample.xcdatamodeld */ = {
			isa = XCVersionGroup;
			children = (
				91622B01211ED65F00E71D43 /* NoStoryboardSample.xcdatamodel */,
			);
			currentVersion = 91622B01211ED65F00E71D43 /* NoStoryboardSample.xcdatamodel */;
			path = NoStoryboardSample.xcdatamodeld;
			sourceTree = "<group>";
			versionGroupType = wrapper.xcdatamodel;
		};
/* End XCVersionGroup section */
	};
	rootObject = 91622AEE211ED65F00E71D43 /* Project object */;
}
